
Microsoft Visual Studio Solution File, Format Version 12.00
# Visual Studio 2012
Project("{FAE04EC0-301F-11D3-BF4B-00C04F79EFBC}") = "DUScarT_Telemetri_v2013", "DUScarT_Telemetri_v2013\DUScarT_Telemetri_v2013.csproj", "{FCABD4E2-CA82-45C1-A8D5-8FE1BB681B4A}"
EndProject
Global
	GlobalSection(SolutionConfigurationPlatforms) = preSolution
		Debug|Any CPU = Debug|Any CPU
		Release|Any CPU = Release|Any CPU
	EndGlobalSection
	GlobalSection(ProjectConfigurationPlatforms) = postSolution
		{FCABD4E2-CA82-45C1-A8D5-8FE1BB681B4A}.Debug|Any CPU.ActiveCfg = Debug|Any CPU
		{FCABD4E2-CA82-45C1-A8D5-8FE1BB681B4A}.Debug|Any CPU.Build.0 = Debug|Any CPU
		{FCABD4E2-CA82-45C1-A8D5-8FE1BB681B4A}.Release|Any CPU.ActiveCfg = Release|Any CPU
		{FCABD4E2-CA82-45C1-A8D5-8FE1BB681B4A}.Release|Any CPU.Build.0 = Release|Any CPU
	EndGlobalSection
	GlobalSection(SolutionProperties) = preSolution
		HideSolutionNode = FALSE
	EndGlobalSection
EndGlobal
